{
  "name": "tools",
  "lockfileVersion": 3,
  "requires": true,
  "packages": {
    "": {
      "dependencies": {
        "watlas": "^1.0.1"
      }
    },
    "node_modules/watlas": {
      "version": "1.0.1",
      "resolved": "https://registry.npmjs.org/watlas/-/watlas-1.0.1.tgz",
      "integrity": "sha512-TmB++BFqEQY19cPNby5iszACZd8t6uauB7YdObkqhWarhed79OMPS8wufoDSo0p85A/8QW/aqZwEJf+nD4emSw==",
      "license": "MIT"
    }
  }
}
